# THIS IS AN AUTOGENERATED FILE. DO NOT EDIT THIS FILE DIRECTLY.
# yarn lockfile v1


"@types/core-js@^0.9.35":
  version "0.9.35"
  resolved "https://registry.npmjs.org/@types/core-js/-/core-js-0.9.35.tgz#444064e63711cdcc62ea844d27642f6efc2285f2"

"@types/highland@^1.14.30":
  version "1.14.30"
  resolved "https://registry.npmjs.org/@types/highland/-/highland-1.14.30.tgz#6884f6769bbdb199f4c6f0598a2d1d1acb319bec"
  dependencies:
    "@types/node" "*"

"@types/mongodb@^2.1.39":
  version "2.1.39"
  resolved "https://registry.npmjs.org/@types/mongodb/-/mongodb-2.1.39.tgz#6a5d5532ceae2258f50d7b5f75b301771e1c32f4"
  dependencies:
    "@types/node" "*"

"@types/node@*":
  version "7.0.5"
  resolved "https://registry.npmjs.org/@types/node/-/node-7.0.5.tgz#96a0f0a618b7b606f1ec547403c00650210bfbb7"

highland@^2.10.2:
  version "2.10.2"
  resolved "https://registry.npmjs.org/highland/-/highland-2.10.2.tgz#61d7901a7636a3a68e0fce43c9894244d6dadb10"
  dependencies:
    util-deprecate "^1.0.2"

util-deprecate@^1.0.2:
  version "1.0.2"
  resolved "https://registry.npmjs.org/util-deprecate/-/util-deprecate-1.0.2.tgz#450d4dc9fa70de732762fbd2d4a28981419a0ccf"
